
Microsoft Visual Studio Solution File, Format Version 12.00
# Visual Studio Version 17
VisualStudioVersion = 17.7.34221.43
MinimumVisualStudioVersion = 10.0.40219.1
Project("{9A19103F-16F7-4668-BE54-9A1E7A4F7556}") = "web", ".\Web\web.csproj", "{782477A1-6BF3-47D4-A533-6F6A56C6F70E}"
EndProject
Project("{9A19103F-16F7-4668-BE54-9A1E7A4F7556}") = "Worker", "Workers\Worker.csproj", "{BF43C66D-78A4-4472-AE1B-B3AB07D94B76}"
EndProject
Project("{FAE04EC0-301F-11D3-BF4B-00C04F79EFBC}") = "Messaging.Model", "Messaging.Model\Messaging.Model.csproj", "{3C2B1302-7FA2-4057-B154-5E2F2329EDDD}"
EndProject
Global
	GlobalSection(SolutionConfigurationPlatforms) = preSolution
		Debug|Any CPU = Debug|Any CPU
		Release|Any CPU = Release|Any CPU
	EndGlobalSection
	GlobalSection(ProjectConfigurationPlatforms) = postSolution
		{782477A1-6BF3-47D4-A533-6F6A56C6F70E}.Debug|Any CPU.ActiveCfg = Debug|Any CPU
		{782477A1-6BF3-47D4-A533-6F6A56C6F70E}.Debug|Any CPU.Build.0 = Debug|Any CPU
		{782477A1-6BF3-47D4-A533-6F6A56C6F70E}.Release|Any CPU.ActiveCfg = Release|Any CPU
		{782477A1-6BF3-47D4-A533-6F6A56C6F70E}.Release|Any CPU.Build.0 = Release|Any CPU
		{BF43C66D-78A4-4472-AE1B-B3AB07D94B76}.Debug|Any CPU.ActiveCfg = Debug|Any CPU
		{BF43C66D-78A4-4472-AE1B-B3AB07D94B76}.Debug|Any CPU.Build.0 = Debug|Any CPU
		{BF43C66D-78A4-4472-AE1B-B3AB07D94B76}.Release|Any CPU.ActiveCfg = Release|Any CPU
		{BF43C66D-78A4-4472-AE1B-B3AB07D94B76}.Release|Any CPU.Build.0 = Release|Any CPU
		{3C2B1302-7FA2-4057-B154-5E2F2329EDDD}.Debug|Any CPU.ActiveCfg = Debug|Any CPU
		{3C2B1302-7FA2-4057-B154-5E2F2329EDDD}.Debug|Any CPU.Build.0 = Debug|Any CPU
		{3C2B1302-7FA2-4057-B154-5E2F2329EDDD}.Release|Any CPU.ActiveCfg = Release|Any CPU
		{3C2B1302-7FA2-4057-B154-5E2F2329EDDD}.Release|Any CPU.Build.0 = Release|Any CPU
	EndGlobalSection
	GlobalSection(SolutionProperties) = preSolution
		HideSolutionNode = FALSE
	EndGlobalSection
	GlobalSection(ExtensibilityGlobals) = postSolution
		SolutionGuid = {B6232025-705D-4663-85C9-2624448AC7AF}
	EndGlobalSection
EndGlobal
